
Microsoft Visual Studio Solution File, Format Version 12.00
# Visual Studio 14
VisualStudioVersion = 14.0.25420.1
MinimumVisualStudioVersion = 10.0.40219.1
Project("{FAE04EC0-301F-11D3-BF4B-00C04F79EFBC}") = "OfCourse", "OfCourse\OfCourse.csproj", "{36D7031C-2B8B-45E4-B827-34009954AE1E}"
EndProject
Global
	GlobalSection(SolutionConfigurationPlatforms) = preSolution
		Debug|Any CPU = Debug|Any CPU
		Release|Any CPU = Release|Any CPU
	EndGlobalSection
	GlobalSection(ProjectConfigurationPlatforms) = postSolution
		{36D7031C-2B8B-45E4-B827-34009954AE1E}.Debug|Any CPU.ActiveCfg = Debug|Any CPU
		{36D7031C-2B8B-45E4-B827-34009954AE1E}.Debug|Any CPU.Build.0 = Debug|Any CPU
		{36D7031C-2B8B-45E4-B827-34009954AE1E}.Release|Any CPU.ActiveCfg = Release|Any CPU
		{36D7031C-2B8B-45E4-B827-34009954AE1E}.Release|Any CPU.Build.0 = Release|Any CPU
	EndGlobalSection
	GlobalSection(SolutionProperties) = preSolution
		HideSolutionNode = FALSE
	EndGlobalSection
EndGlobal
